
Microsoft Visual Studio Solution File, Format Version 12.00
# Visual Studio 14
VisualStudioVersion = 14.0.25420.1
MinimumVisualStudioVersion = 10.0.40219.1
Project("{FAE04EC0-301F-11D3-BF4B-00C04F79EFBC}") = "SFBR.PubService.Audio.Host", "SFBR.PubService.Audio.Host\SFBR.PubService.Audio.Host.csproj", "{0993BD9C-9AA6-4C0D-9F11-91007554DDBD}"
EndProject
Global
	GlobalSection(SolutionConfigurationPlatforms) = preSolution
		Debug|Any CPU = Debug|Any CPU
		Release|Any CPU = Release|Any CPU
	EndGlobalSection
	GlobalSection(ProjectConfigurationPlatforms) = postSolution
		{0993BD9C-9AA6-4C0D-9F11-91007554DDBD}.Debug|Any CPU.ActiveCfg = Debug|Any CPU
		{0993BD9C-9AA6-4C0D-9F11-91007554DDBD}.Debug|Any CPU.Build.0 = Debug|Any CPU
		{0993BD9C-9AA6-4C0D-9F11-91007554DDBD}.Release|Any CPU.ActiveCfg = Release|Any CPU
		{0993BD9C-9AA6-4C0D-9F11-91007554DDBD}.Release|Any CPU.Build.0 = Release|Any CPU
	EndGlobalSection
	GlobalSection(SolutionProperties) = preSolution
		HideSolutionNode = FALSE
	EndGlobalSection
	GlobalSection(ExtensibilityGlobals) = postSolution
		SolutionGuid = {3D84FB22-1C52-448C-8462-EF51F8821D9A}
	EndGlobalSection
EndGlobal
